
Microsoft Visual Studio Solution File, Format Version 12.00
# Visual Studio Version 17
VisualStudioVersion = 17.0.31903.59
MinimumVisualStudioVersion = 10.0.40219.1
Project("{2150E333-8FDC-42A3-9474-1A3956D46DE8}") = "src", "src", "{827E0CD3-B72D-47B6-A68D-7590B98EB39B}"
EndProject
Project("{FAE04EC0-301F-11D3-BF4B-00C04F79EFBC}") = "SchoolERP.Common", "src\SchoolERP.Common\SchoolERP.Common.csproj", "{0A5AC562-AFF9-4D42-8372-9BB13D94FAC1}"
EndProject
Project("{FAE04EC0-301F-11D3-BF4B-00C04F79EFBC}") = "SchoolERP.DataAccess", "src\SchoolERP.DataAccess\SchoolERP.DataAccess.csproj", "{67732B57-AF4D-4BCC-AA1C-750B4BBFFACE}"
EndProject
Project("{FAE04EC0-301F-11D3-BF4B-00C04F79EFBC}") = "SchoolERP.Business", "src\SchoolERP.Business\SchoolERP.Business.csproj", "{5EE76552-FC47-4D79-914D-14F2E52D23FC}"
EndProject
Project("{FAE04EC0-301F-11D3-BF4B-00C04F79EFBC}") = "SchoolERP.Api", "src\SchoolERP.Api\SchoolERP.Api.csproj", "{2808B771-E81C-4039-84FC-D519F8E56F98}"
EndProject
Project("{2150E333-8FDC-42A3-9474-1A3956D46DE8}") = "Tests", "Tests", "{0AB3BF05-4346-4AA6-1389-037BE0695223}"
EndProject
Project("{FAE04EC0-301F-11D3-BF4B-00C04F79EFBC}") = "SchoolERP.Tests", "Tests\SchoolERP.Tests\SchoolERP.Tests.csproj", "{17586297-6F8F-43E2-BEB5-3D62D4C723C2}"
EndProject
Global
	GlobalSection(SolutionConfigurationPlatforms) = preSolution
		Debug|Any CPU = Debug|Any CPU
		Debug|x64 = Debug|x64
		Debug|x86 = Debug|x86
		Release|Any CPU = Release|Any CPU
		Release|x64 = Release|x64
		Release|x86 = Release|x86
	EndGlobalSection
	GlobalSection(ProjectConfigurationPlatforms) = postSolution
		{0A5AC562-AFF9-4D42-8372-9BB13D94FAC1}.Debug|Any CPU.ActiveCfg = Debug|Any CPU
		{0A5AC562-AFF9-4D42-8372-9BB13D94FAC1}.Debug|Any CPU.Build.0 = Debug|Any CPU
		{0A5AC562-AFF9-4D42-8372-9BB13D94FAC1}.Debug|x64.ActiveCfg = Debug|Any CPU
		{0A5AC562-AFF9-4D42-8372-9BB13D94FAC1}.Debug|x64.Build.0 = Debug|Any CPU
		{0A5AC562-AFF9-4D42-8372-9BB13D94FAC1}.Debug|x86.ActiveCfg = Debug|Any CPU
		{0A5AC562-AFF9-4D42-8372-9BB13D94FAC1}.Debug|x86.Build.0 = Debug|Any CPU
		{0A5AC562-AFF9-4D42-8372-9BB13D94FAC1}.Release|Any CPU.ActiveCfg = Release|Any CPU
		{0A5AC562-AFF9-4D42-8372-9BB13D94FAC1}.Release|Any CPU.Build.0 = Release|Any CPU
		{0A5AC562-AFF9-4D42-8372-9BB13D94FAC1}.Release|x64.ActiveCfg = Release|Any CPU
		{0A5AC562-AFF9-4D42-8372-9BB13D94FAC1}.Release|x64.Build.0 = Release|Any CPU
		{0A5AC562-AFF9-4D42-8372-9BB13D94FAC1}.Release|x86.ActiveCfg = Release|Any CPU
		{0A5AC562-AFF9-4D42-8372-9BB13D94FAC1}.Release|x86.Build.0 = Release|Any CPU
		{67732B57-AF4D-4BCC-AA1C-750B4BBFFACE}.Debug|Any CPU.ActiveCfg = Debug|Any CPU
		{67732B57-AF4D-4BCC-AA1C-750B4BBFFACE}.Debug|Any CPU.Build.0 = Debug|Any CPU
		{67732B57-AF4D-4BCC-AA1C-750B4BBFFACE}.Debug|x64.ActiveCfg = Debug|Any CPU
		{67732B57-AF4D-4BCC-AA1C-750B4BBFFACE}.Debug|x64.Build.0 = Debug|Any CPU
		{67732B57-AF4D-4BCC-AA1C-750B4BBFFACE}.Debug|x86.ActiveCfg = Debug|Any CPU
		{67732B57-AF4D-4BCC-AA1C-750B4BBFFACE}.Debug|x86.Build.0 = Debug|Any CPU
		{67732B57-AF4D-4BCC-AA1C-750B4BBFFACE}.Release|Any CPU.ActiveCfg = Release|Any CPU
		{67732B57-AF4D-4BCC-AA1C-750B4BBFFACE}.Release|Any CPU.Build.0 = Release|Any CPU
		{67732B57-AF4D-4BCC-AA1C-750B4BBFFACE}.Release|x64.ActiveCfg = Release|Any CPU
		{67732B57-AF4D-4BCC-AA1C-750B4BBFFACE}.Release|x64.Build.0 = Release|Any CPU
		{67732B57-AF4D-4BCC-AA1C-750B4BBFFACE}.Release|x86.ActiveCfg = Release|Any CPU
		{67732B57-AF4D-4BCC-AA1C-750B4BBFFACE}.Release|x86.Build.0 = Release|Any CPU
		{5EE76552-FC47-4D79-914D-14F2E52D23FC}.Debug|Any CPU.ActiveCfg = Debug|Any CPU
		{5EE76552-FC47-4D79-914D-14F2E52D23FC}.Debug|Any CPU.Build.0 = Debug|Any CPU
		{5EE76552-FC47-4D79-914D-14F2E52D23FC}.Debug|x64.ActiveCfg = Debug|Any CPU
		{5EE76552-FC47-4D79-914D-14F2E52D23FC}.Debug|x64.Build.0 = Debug|Any CPU
		{5EE76552-FC47-4D79-914D-14F2E52D23FC}.Debug|x86.ActiveCfg = Debug|Any CPU
		{5EE76552-FC47-4D79-914D-14F2E52D23FC}.Debug|x86.Build.0 = Debug|Any CPU
		{5EE76552-FC47-4D79-914D-14F2E52D23FC}.Release|Any CPU.ActiveCfg = Release|Any CPU
		{5EE76552-FC47-4D79-914D-14F2E52D23FC}.Release|Any CPU.Build.0 = Release|Any CPU
		{5EE76552-FC47-4D79-914D-14F2E52D23FC}.Release|x64.ActiveCfg = Release|Any CPU
		{5EE76552-FC47-4D79-914D-14F2E52D23FC}.Release|x64.Build.0 = Release|Any CPU
		{5EE76552-FC47-4D79-914D-14F2E52D23FC}.Release|x86.ActiveCfg = Release|Any CPU
		{5EE76552-FC47-4D79-914D-14F2E52D23FC}.Release|x86.Build.0 = Release|Any CPU
		{2808B771-E81C-4039-84FC-D519F8E56F98}.Debug|Any CPU.ActiveCfg = Debug|Any CPU
		{2808B771-E81C-4039-84FC-D519F8E56F98}.Debug|Any CPU.Build.0 = Debug|Any CPU
		{2808B771-E81C-4039-84FC-D519F8E56F98}.Debug|x64.ActiveCfg = Debug|Any CPU
		{2808B771-E81C-4039-84FC-D519F8E56F98}.Debug|x64.Build.0 = Debug|Any CPU
		{2808B771-E81C-4039-84FC-D519F8E56F98}.Debug|x86.ActiveCfg = Debug|Any CPU
		{2808B771-E81C-4039-84FC-D519F8E56F98}.Debug|x86.Build.0 = Debug|Any CPU
		{2808B771-E81C-4039-84FC-D519F8E56F98}.Release|Any CPU.ActiveCfg = Release|Any CPU
		{2808B771-E81C-4039-84FC-D519F8E56F98}.Release|Any CPU.Build.0 = Release|Any CPU
		{2808B771-E81C-4039-84FC-D519F8E56F98}.Release|x64.ActiveCfg = Release|Any CPU
		{2808B771-E81C-4039-84FC-D519F8E56F98}.Release|x64.Build.0 = Release|Any CPU
		{2808B771-E81C-4039-84FC-D519F8E56F98}.Release|x86.ActiveCfg = Release|Any CPU
		{2808B771-E81C-4039-84FC-D519F8E56F98}.Release|x86.Build.0 = Release|Any CPU
		{17586297-6F8F-43E2-BEB5-3D62D4C723C2}.Debug|Any CPU.ActiveCfg = Debug|Any CPU
		{17586297-6F8F-43E2-BEB5-3D62D4C723C2}.Debug|Any CPU.Build.0 = Debug|Any CPU
		{17586297-6F8F-43E2-BEB5-3D62D4C723C2}.Debug|x64.ActiveCfg = Debug|Any CPU
		{17586297-6F8F-43E2-BEB5-3D62D4C723C2}.Debug|x64.Build.0 = Debug|Any CPU
		{17586297-6F8F-43E2-BEB5-3D62D4C723C2}.Debug|x86.ActiveCfg = Debug|Any CPU
		{17586297-6F8F-43E2-BEB5-3D62D4C723C2}.Debug|x86.Build.0 = Debug|Any CPU
		{17586297-6F8F-43E2-BEB5-3D62D4C723C2}.Release|Any CPU.ActiveCfg = Release|Any CPU
		{17586297-6F8F-43E2-BEB5-3D62D4C723C2}.Release|Any CPU.Build.0 = Release|Any CPU
		{17586297-6F8F-43E2-BEB5-3D62D4C723C2}.Release|x64.ActiveCfg = Release|Any CPU
		{17586297-6F8F-43E2-BEB5-3D62D4C723C2}.Release|x64.Build.0 = Release|Any CPU
		{17586297-6F8F-43E2-BEB5-3D62D4C723C2}.Release|x86.ActiveCfg = Release|Any CPU
		{17586297-6F8F-43E2-BEB5-3D62D4C723C2}.Release|x86.Build.0 = Release|Any CPU
	EndGlobalSection
	GlobalSection(SolutionProperties) = preSolution
		HideSolutionNode = FALSE
	EndGlobalSection
	GlobalSection(NestedProjects) = preSolution
		{0A5AC562-AFF9-4D42-8372-9BB13D94FAC1} = {827E0CD3-B72D-47B6-A68D-7590B98EB39B}
		{67732B57-AF4D-4BCC-AA1C-750B4BBFFACE} = {827E0CD3-B72D-47B6-A68D-7590B98EB39B}
		{5EE76552-FC47-4D79-914D-14F2E52D23FC} = {827E0CD3-B72D-47B6-A68D-7590B98EB39B}
		{2808B771-E81C-4039-84FC-D519F8E56F98} = {827E0CD3-B72D-47B6-A68D-7590B98EB39B}
		{17586297-6F8F-43E2-BEB5-3D62D4C723C2} = {0AB3BF05-4346-4AA6-1389-037BE0695223}
	EndGlobalSection
EndGlobal
